
Microsoft Visual Studio Solution File, Format Version 12.00
# Visual Studio 15
VisualStudioVersion = 15.0.28307.852
MinimumVisualStudioVersion = 10.0.40219.1
Project("{FAE04EC0-301F-11D3-BF4B-00C04F79EFBC}") = "Ventana", "Ventana\Ventana.csproj", "{2F33C71C-5759-4DB1-83FB-F864B650EBFE}"
EndProject
Project("{FAE04EC0-301F-11D3-BF4B-00C04F79EFBC}") = "ALU", "ALU\ALU.csproj", "{F19CBAA6-157F-41E3-8214-D5C6666F7FC1}"
EndProject
Project("{FAE04EC0-301F-11D3-BF4B-00C04F79EFBC}") = "Unidad de control", "Unidad de control\Unidad de control.csproj", "{ADF38A7D-9B11-452F-AE70-9EA317CD1F4A}"
EndProject
Project("{FAE04EC0-301F-11D3-BF4B-00C04F79EFBC}") = "Auxiliar", "Auxiliar\Auxiliar.csproj", "{C4558728-B040-408E-9CAE-D08A5F235E7E}"
EndProject
Global
	GlobalSection(SolutionConfigurationPlatforms) = preSolution
		Debug|Any CPU = Debug|Any CPU
		Release|Any CPU = Release|Any CPU
	EndGlobalSection
	GlobalSection(ProjectConfigurationPlatforms) = postSolution
		{2F33C71C-5759-4DB1-83FB-F864B650EBFE}.Debug|Any CPU.ActiveCfg = Debug|Any CPU
		{2F33C71C-5759-4DB1-83FB-F864B650EBFE}.Debug|Any CPU.Build.0 = Debug|Any CPU
		{2F33C71C-5759-4DB1-83FB-F864B650EBFE}.Release|Any CPU.ActiveCfg = Release|Any CPU
		{2F33C71C-5759-4DB1-83FB-F864B650EBFE}.Release|Any CPU.Build.0 = Release|Any CPU
		{F19CBAA6-157F-41E3-8214-D5C6666F7FC1}.Debug|Any CPU.ActiveCfg = Debug|Any CPU
		{F19CBAA6-157F-41E3-8214-D5C6666F7FC1}.Debug|Any CPU.Build.0 = Debug|Any CPU
		{F19CBAA6-157F-41E3-8214-D5C6666F7FC1}.Release|Any CPU.ActiveCfg = Release|Any CPU
		{F19CBAA6-157F-41E3-8214-D5C6666F7FC1}.Release|Any CPU.Build.0 = Release|Any CPU
		{ADF38A7D-9B11-452F-AE70-9EA317CD1F4A}.Debug|Any CPU.ActiveCfg = Debug|Any CPU
		{ADF38A7D-9B11-452F-AE70-9EA317CD1F4A}.Debug|Any CPU.Build.0 = Debug|Any CPU
		{ADF38A7D-9B11-452F-AE70-9EA317CD1F4A}.Release|Any CPU.ActiveCfg = Release|Any CPU
		{ADF38A7D-9B11-452F-AE70-9EA317CD1F4A}.Release|Any CPU.Build.0 = Release|Any CPU
		{C4558728-B040-408E-9CAE-D08A5F235E7E}.Debug|Any CPU.ActiveCfg = Debug|Any CPU
		{C4558728-B040-408E-9CAE-D08A5F235E7E}.Debug|Any CPU.Build.0 = Debug|Any CPU
		{C4558728-B040-408E-9CAE-D08A5F235E7E}.Release|Any CPU.ActiveCfg = Release|Any CPU
		{C4558728-B040-408E-9CAE-D08A5F235E7E}.Release|Any CPU.Build.0 = Release|Any CPU
	EndGlobalSection
	GlobalSection(SolutionProperties) = preSolution
		HideSolutionNode = FALSE
	EndGlobalSection
	GlobalSection(ExtensibilityGlobals) = postSolution
		SolutionGuid = {E4DA73BC-C5D8-457D-A835-E15A0071745C}
	EndGlobalSection
EndGlobal
